
Microsoft Visual Studio Solution File, Format Version 12.00
# Visual Studio Version 17
VisualStudioVersion = 17.6.33723.286
MinimumVisualStudioVersion = 10.0.40219.1
Project("{8BC9CEB8-8B4A-11D0-8D11-00A0C91BC942}") = "SandBox", "SandBox\SandBox.vcxproj", "{402CAF37-426F-43B2-A355-0CAEE179FB7B}"
EndProject
Project("{8BC9CEB8-8B4A-11D0-8D11-00A0C91BC942}") = "BasicEngine", "BasicEngine\BasicEngine.vcxproj", "{EBFF795C-62AF-49CA-8831-AF1C41D76E22}"
EndProject
Global
	GlobalSection(SolutionConfigurationPlatforms) = preSolution
		Debug|x64 = Debug|x64
		Release|x64 = Release|x64
	EndGlobalSection
	GlobalSection(ProjectConfigurationPlatforms) = postSolution
		{402CAF37-426F-43B2-A355-0CAEE179FB7B}.Debug|x64.ActiveCfg = Debug|x64
		{402CAF37-426F-43B2-A355-0CAEE179FB7B}.Debug|x64.Build.0 = Debug|x64
		{402CAF37-426F-43B2-A355-0CAEE179FB7B}.Release|x64.ActiveCfg = Release|x64
		{402CAF37-426F-43B2-A355-0CAEE179FB7B}.Release|x64.Build.0 = Release|x64
		{EBFF795C-62AF-49CA-8831-AF1C41D76E22}.Debug|x64.ActiveCfg = Debug|x64
		{EBFF795C-62AF-49CA-8831-AF1C41D76E22}.Debug|x64.Build.0 = Debug|x64
		{EBFF795C-62AF-49CA-8831-AF1C41D76E22}.Release|x64.ActiveCfg = Release|x64
		{EBFF795C-62AF-49CA-8831-AF1C41D76E22}.Release|x64.Build.0 = Release|x64
	EndGlobalSection
	GlobalSection(SolutionProperties) = preSolution
		HideSolutionNode = FALSE
	EndGlobalSection
	GlobalSection(ExtensibilityGlobals) = postSolution
		SolutionGuid = {D9AF7BB5-5AB7-4D31-8ABE-61495B010570}
	EndGlobalSection
EndGlobal
